
Microsoft Visual Studio Solution File, Format Version 12.00
# Visual Studio Version 17
VisualStudioVersion = 17.8.34511.84
MinimumVisualStudioVersion = 10.0.40219.1
Project("{8BC9CEB8-8B4A-11D0-8D11-00A0C91BC942}") = "EngineCore", "EngineCore\EngineCore.vcxproj", "{6F45E602-26EE-4A84-AA94-D68B6BF8E98F}"
EndProject
Project("{8BC9CEB8-8B4A-11D0-8D11-00A0C91BC942}") = "Sandbox", "Sandbox\Sandbox.vcxproj", "{F054D632-83D0-4E74-B79A-4077C2A9D9C6}"
EndProject
Global
	GlobalSection(SolutionConfigurationPlatforms) = preSolution
		Debug|x64 = Debug|x64
		Release|x64 = Release|x64
	EndGlobalSection
	GlobalSection(ProjectConfigurationPlatforms) = postSolution
		{6F45E602-26EE-4A84-AA94-D68B6BF8E98F}.Debug|x64.ActiveCfg = Debug|x64
		{6F45E602-26EE-4A84-AA94-D68B6BF8E98F}.Debug|x64.Build.0 = Debug|x64
		{6F45E602-26EE-4A84-AA94-D68B6BF8E98F}.Release|x64.ActiveCfg = Release|x64
		{6F45E602-26EE-4A84-AA94-D68B6BF8E98F}.Release|x64.Build.0 = Release|x64
		{F054D632-83D0-4E74-B79A-4077C2A9D9C6}.Debug|x64.ActiveCfg = Debug|x64
		{F054D632-83D0-4E74-B79A-4077C2A9D9C6}.Debug|x64.Build.0 = Debug|x64
		{F054D632-83D0-4E74-B79A-4077C2A9D9C6}.Release|x64.ActiveCfg = Release|x64
		{F054D632-83D0-4E74-B79A-4077C2A9D9C6}.Release|x64.Build.0 = Release|x64
	EndGlobalSection
	GlobalSection(SolutionProperties) = preSolution
		HideSolutionNode = FALSE
	EndGlobalSection
	GlobalSection(ExtensibilityGlobals) = postSolution
		SolutionGuid = {DBD44DB7-7659-4717-AE56-BF00D4B98700}
	EndGlobalSection
EndGlobal
